
Microsoft Visual Studio Solution File, Format Version 12.00
# Visual Studio 15
Project("{FAE04EC0-301F-11D3-BF4B-00C04F79EFBC}") = "MVVMArchitecture.Android", "MVVMArchitecture.Android\MVVMArchitecture.Android.csproj", "{B708657D-96E3-47BD-88E3-C8799AA7DE06}"
EndProject
Project("{FAE04EC0-301F-11D3-BF4B-00C04F79EFBC}") = "MVVMArchitecture.iOS", "MVVMArchitecture.iOS\MVVMArchitecture.iOS.csproj", "{B4B051E9-4CC1-4943-9D3C-3C7D128D703C}"
EndProject
Project("{FAE04EC0-301F-11D3-BF4B-00C04F79EFBC}") = "MVVMArchitecture.UITests", "MVVMArchitecture.UITests\MVVMArchitecture.UITests.csproj", "{B19C892E-2628-4CA7-AD27-08D406A3B14B}"
EndProject
Project("{FAE04EC0-301F-11D3-BF4B-00C04F79EFBC}") = "MVVMArchitecture", "MVVMArchitecture\MVVMArchitecture.csproj", "{0DFF46A7-2CCF-4E7B-980C-64A3AB726357}"
EndProject
Global
	GlobalSection(SolutionConfigurationPlatforms) = preSolution
		Debug|Any CPU = Debug|Any CPU
		Release|Any CPU = Release|Any CPU
		Debug|iPhoneSimulator = Debug|iPhoneSimulator
		Release|iPhoneSimulator = Release|iPhoneSimulator
		Debug|iPhone = Debug|iPhone
		Release|iPhone = Release|iPhone
		Ad-Hoc|iPhone = Ad-Hoc|iPhone
		AppStore|iPhone = AppStore|iPhone
	EndGlobalSection
	GlobalSection(ProjectConfigurationPlatforms) = postSolution
		{B708657D-96E3-47BD-88E3-C8799AA7DE06}.Debug|Any CPU.ActiveCfg = Debug|Any CPU
		{B708657D-96E3-47BD-88E3-C8799AA7DE06}.Debug|Any CPU.Build.0 = Debug|Any CPU
		{B708657D-96E3-47BD-88E3-C8799AA7DE06}.Release|Any CPU.ActiveCfg = Release|Any CPU
		{B708657D-96E3-47BD-88E3-C8799AA7DE06}.Release|Any CPU.Build.0 = Release|Any CPU
		{B708657D-96E3-47BD-88E3-C8799AA7DE06}.Debug|iPhoneSimulator.ActiveCfg = Debug|Any CPU
		{B708657D-96E3-47BD-88E3-C8799AA7DE06}.Debug|iPhoneSimulator.Build.0 = Debug|Any CPU
		{B708657D-96E3-47BD-88E3-C8799AA7DE06}.Release|iPhoneSimulator.ActiveCfg = Release|Any CPU
		{B708657D-96E3-47BD-88E3-C8799AA7DE06}.Release|iPhoneSimulator.Build.0 = Release|Any CPU
		{B708657D-96E3-47BD-88E3-C8799AA7DE06}.Debug|iPhone.ActiveCfg = Debug|Any CPU
		{B708657D-96E3-47BD-88E3-C8799AA7DE06}.Debug|iPhone.Build.0 = Debug|Any CPU
		{B708657D-96E3-47BD-88E3-C8799AA7DE06}.Release|iPhone.ActiveCfg = Release|Any CPU
		{B708657D-96E3-47BD-88E3-C8799AA7DE06}.Release|iPhone.Build.0 = Release|Any CPU
		{B708657D-96E3-47BD-88E3-C8799AA7DE06}.Ad-Hoc|iPhone.ActiveCfg = Debug|Any CPU
		{B708657D-96E3-47BD-88E3-C8799AA7DE06}.Ad-Hoc|iPhone.Build.0 = Debug|Any CPU
		{B708657D-96E3-47BD-88E3-C8799AA7DE06}.AppStore|iPhone.ActiveCfg = Debug|Any CPU
		{B708657D-96E3-47BD-88E3-C8799AA7DE06}.AppStore|iPhone.Build.0 = Debug|Any CPU
		{B4B051E9-4CC1-4943-9D3C-3C7D128D703C}.Debug|Any CPU.ActiveCfg = Debug|iPhoneSimulator
		{B4B051E9-4CC1-4943-9D3C-3C7D128D703C}.Debug|Any CPU.Build.0 = Debug|iPhoneSimulator
		{B4B051E9-4CC1-4943-9D3C-3C7D128D703C}.Release|Any CPU.ActiveCfg = Release|iPhoneSimulator
		{B4B051E9-4CC1-4943-9D3C-3C7D128D703C}.Release|Any CPU.Build.0 = Release|iPhoneSimulator
		{B4B051E9-4CC1-4943-9D3C-3C7D128D703C}.Debug|iPhoneSimulator.ActiveCfg = Debug|iPhoneSimulator
		{B4B051E9-4CC1-4943-9D3C-3C7D128D703C}.Debug|iPhoneSimulator.Build.0 = Debug|iPhoneSimulator
		{B4B051E9-4CC1-4943-9D3C-3C7D128D703C}.Release|iPhoneSimulator.ActiveCfg = Release|iPhoneSimulator
		{B4B051E9-4CC1-4943-9D3C-3C7D128D703C}.Release|iPhoneSimulator.Build.0 = Release|iPhoneSimulator
		{B4B051E9-4CC1-4943-9D3C-3C7D128D703C}.Debug|iPhone.ActiveCfg = Debug|iPhone
		{B4B051E9-4CC1-4943-9D3C-3C7D128D703C}.Debug|iPhone.Build.0 = Debug|iPhone
		{B4B051E9-4CC1-4943-9D3C-3C7D128D703C}.Release|iPhone.ActiveCfg = Release|iPhone
		{B4B051E9-4CC1-4943-9D3C-3C7D128D703C}.Release|iPhone.Build.0 = Release|iPhone
		{B4B051E9-4CC1-4943-9D3C-3C7D128D703C}.Ad-Hoc|iPhone.ActiveCfg = Ad-Hoc|iPhone
		{B4B051E9-4CC1-4943-9D3C-3C7D128D703C}.Ad-Hoc|iPhone.Build.0 = Ad-Hoc|iPhone
		{B4B051E9-4CC1-4943-9D3C-3C7D128D703C}.AppStore|iPhone.ActiveCfg = AppStore|iPhone
		{B4B051E9-4CC1-4943-9D3C-3C7D128D703C}.AppStore|iPhone.Build.0 = AppStore|iPhone
		{B19C892E-2628-4CA7-AD27-08D406A3B14B}.Debug|Any CPU.ActiveCfg = Debug|Any CPU
		{B19C892E-2628-4CA7-AD27-08D406A3B14B}.Debug|Any CPU.Build.0 = Debug|Any CPU
		{B19C892E-2628-4CA7-AD27-08D406A3B14B}.Release|Any CPU.ActiveCfg = Release|Any CPU
		{B19C892E-2628-4CA7-AD27-08D406A3B14B}.Release|Any CPU.Build.0 = Release|Any CPU
		{B19C892E-2628-4CA7-AD27-08D406A3B14B}.Debug|iPhoneSimulator.ActiveCfg = Debug|Any CPU
		{B19C892E-2628-4CA7-AD27-08D406A3B14B}.Debug|iPhoneSimulator.Build.0 = Debug|Any CPU
		{B19C892E-2628-4CA7-AD27-08D406A3B14B}.Release|iPhoneSimulator.ActiveCfg = Release|Any CPU
		{B19C892E-2628-4CA7-AD27-08D406A3B14B}.Release|iPhoneSimulator.Build.0 = Release|Any CPU
		{B19C892E-2628-4CA7-AD27-08D406A3B14B}.Debug|iPhone.ActiveCfg = Debug|Any CPU
		{B19C892E-2628-4CA7-AD27-08D406A3B14B}.Debug|iPhone.Build.0 = Debug|Any CPU
		{B19C892E-2628-4CA7-AD27-08D406A3B14B}.Release|iPhone.ActiveCfg = Release|Any CPU
		{B19C892E-2628-4CA7-AD27-08D406A3B14B}.Release|iPhone.Build.0 = Release|Any CPU
		{B19C892E-2628-4CA7-AD27-08D406A3B14B}.Ad-Hoc|iPhone.ActiveCfg = Debug|Any CPU
		{B19C892E-2628-4CA7-AD27-08D406A3B14B}.Ad-Hoc|iPhone.Build.0 = Debug|Any CPU
		{B19C892E-2628-4CA7-AD27-08D406A3B14B}.AppStore|iPhone.ActiveCfg = Debug|Any CPU
		{B19C892E-2628-4CA7-AD27-08D406A3B14B}.AppStore|iPhone.Build.0 = Debug|Any CPU
		{0DFF46A7-2CCF-4E7B-980C-64A3AB726357}.Debug|Any CPU.ActiveCfg = Debug|Any CPU
		{0DFF46A7-2CCF-4E7B-980C-64A3AB726357}.Debug|Any CPU.Build.0 = Debug|Any CPU
		{0DFF46A7-2CCF-4E7B-980C-64A3AB726357}.Release|Any CPU.ActiveCfg = Release|Any CPU
		{0DFF46A7-2CCF-4E7B-980C-64A3AB726357}.Release|Any CPU.Build.0 = Release|Any CPU
		{0DFF46A7-2CCF-4E7B-980C-64A3AB726357}.Debug|iPhoneSimulator.ActiveCfg = Debug|Any CPU
		{0DFF46A7-2CCF-4E7B-980C-64A3AB726357}.Debug|iPhoneSimulator.Build.0 = Debug|Any CPU
		{0DFF46A7-2CCF-4E7B-980C-64A3AB726357}.Release|iPhoneSimulator.ActiveCfg = Release|Any CPU
		{0DFF46A7-2CCF-4E7B-980C-64A3AB726357}.Release|iPhoneSimulator.Build.0 = Release|Any CPU
		{0DFF46A7-2CCF-4E7B-980C-64A3AB726357}.Debug|iPhone.ActiveCfg = Debug|Any CPU
		{0DFF46A7-2CCF-4E7B-980C-64A3AB726357}.Debug|iPhone.Build.0 = Debug|Any CPU
		{0DFF46A7-2CCF-4E7B-980C-64A3AB726357}.Release|iPhone.ActiveCfg = Release|Any CPU
		{0DFF46A7-2CCF-4E7B-980C-64A3AB726357}.Release|iPhone.Build.0 = Release|Any CPU
		{0DFF46A7-2CCF-4E7B-980C-64A3AB726357}.Ad-Hoc|iPhone.ActiveCfg = Debug|Any CPU
		{0DFF46A7-2CCF-4E7B-980C-64A3AB726357}.Ad-Hoc|iPhone.Build.0 = Debug|Any CPU
		{0DFF46A7-2CCF-4E7B-980C-64A3AB726357}.AppStore|iPhone.ActiveCfg = Debug|Any CPU
		{0DFF46A7-2CCF-4E7B-980C-64A3AB726357}.AppStore|iPhone.Build.0 = Debug|Any CPU
	EndGlobalSection
EndGlobal
